{
  "requires": true,
  "lockfileVersion": 1,
  "dependencies": {
    "asap": {
      "version": "2.0.6",
      "resolved": "http://registry.npm.taobao.org/asap/download/asap-2.0.6.tgz",
      "integrity": "sha1-5QNHYR1+aQlDIIu9r+vLwvuGbUY="
    },
    "babel-runtime": {
      "version": "6.26.0",
      "resolved": "http://registry.npm.taobao.org/babel-runtime/download/babel-runtime-6.26.0.tgz",
      "integrity": "sha1-llxwWGaOgrVde/4E/yM3vItWR/4=",
      "requires": {
        "core-js": "2.5.3",
        "regenerator-runtime": "0.11.1"
      }
    },
    "core-js": {
      "version": "2.5.3",
      "resolved": "http://registry.npm.taobao.org/core-js/download/core-js-2.5.3.tgz",
      "integrity": "sha1-isw4NFgk8W2DZbfJtCWRaOjtYD4="
    },
    "deep-eql": {
      "version": "2.0.2",
      "resolved": "http://registry.npm.taobao.org/deep-eql/download/deep-eql-2.0.2.tgz",
      "integrity": "sha1-sbrAblbwp2d3aG1Qyf63XC7XZ5o=",
      "requires": {
        "type-detect": "3.0.0"
      }
    },
    "encoding": {
      "version": "0.1.12",
      "resolved": "http://registry.npm.taobao.org/encoding/download/encoding-0.1.12.tgz",
      "integrity": "sha1-U4tm8+5izRq1HsMjgp0flIDHS+s=",
      "requires": {
        "iconv-lite": "0.4.19"
      }
    },
    "fbjs": {
      "version": "0.8.16",
      "resolved": "http://registry.npm.taobao.org/fbjs/download/fbjs-0.8.16.tgz",
      "integrity": "sha1-XmdDL1UNxBtXK/VYR7ispk5TN9s=",
      "requires": {
        "core-js": "1.2.7",
        "isomorphic-fetch": "2.2.1",
        "loose-envify": "1.3.1",
        "object-assign": "4.1.1",
        "promise": "7.3.1",
        "setimmediate": "1.0.5",
        "ua-parser-js": "0.7.17"
      },
      "dependencies": {
        "core-js": {
          "version": "1.2.7",
          "resolved": "http://registry.npm.taobao.org/core-js/download/core-js-1.2.7.tgz",
          "integrity": "sha1-ZSKUwUZR2yj6k70tX/KYOk8IxjY="
        }
      }
    },
    "iconv-lite": {
      "version": "0.4.19",
      "resolved": "http://registry.npm.taobao.org/iconv-lite/download/iconv-lite-0.4.19.tgz",
      "integrity": "sha1-90aPYBNfXl2tM5nAqBvpoWA6CCs="
    },
    "is-stream": {
      "version": "1.1.0",
      "resolved": "http://registry.npm.taobao.org/is-stream/download/is-stream-1.1.0.tgz",
      "integrity": "sha1-EtSj3U5o4Lec6428hBc66A2RykQ="
    },
    "isomorphic-fetch": {
      "version": "2.2.1",
      "resolved": "http://registry.npm.taobao.org/isomorphic-fetch/download/isomorphic-fetch-2.2.1.tgz",
      "integrity": "sha1-YRrhrPFPXoH3KVB0coGf6XM1WKk=",
      "requires": {
        "node-fetch": "1.7.3",
        "whatwg-fetch": "2.0.3"
      }
    },
    "js-tokens": {
      "version": "3.0.2",
      "resolved": "http://registry.npm.taobao.org/js-tokens/download/js-tokens-3.0.2.tgz",
      "integrity": "sha1-mGbfOVECEw449/mWvOtlRDIJwls="
    },
    "loose-envify": {
      "version": "1.3.1",
      "resolved": "http://registry.npm.taobao.org/loose-envify/download/loose-envify-1.3.1.tgz",
      "integrity": "sha1-0aitM/qc4OcT1l/dCsi3SNR4yEg=",
      "requires": {
        "js-tokens": "3.0.2"
      }
    },
    "node-fetch": {
      "version": "1.7.3",
      "resolved": "http://registry.npm.taobao.org/node-fetch/download/node-fetch-1.7.3.tgz",
      "integrity": "sha1-mA9vcthSEaU0fGsrwYxbhMPrR+8=",
      "requires": {
        "encoding": "0.1.12",
        "is-stream": "1.1.0"
      }
    },
    "object-assign": {
      "version": "4.1.1",
      "resolved": "http://registry.npm.taobao.org/object-assign/download/object-assign-4.1.1.tgz",
      "integrity": "sha1-IQmtx5ZYh8/AXLvUQsrIv7s2CGM="
    },
    "performance-now": {
      "version": "2.1.0",
      "resolved": "http://registry.npm.taobao.org/performance-now/download/performance-now-2.1.0.tgz",
      "integrity": "sha1-Ywn04OX6kT7BxpMHrjZLSzd8nns="
    },
    "promise": {
      "version": "7.3.1",
      "resolved": "http://registry.npm.taobao.org/promise/download/promise-7.3.1.tgz",
      "integrity": "sha1-BktyYCsY+Q8pGSuLG8QY/9Hr078=",
      "requires": {
        "asap": "2.0.6"
      }
    },
    "prop-types": {
      "version": "15.6.0",
      "resolved": "http://registry.npm.taobao.org/prop-types/download/prop-types-15.6.0.tgz",
      "integrity": "sha1-zq8IMCL8RrSjX2nhPvda7Q1jmFY=",
      "requires": {
        "fbjs": "0.8.16",
        "loose-envify": "1.3.1",
        "object-assign": "4.1.1"
      }
    },
    "raf": {
      "version": "3.3.2",
      "resolved": "http://registry.npm.taobao.org/raf/download/raf-3.3.2.tgz",
      "integrity": "sha1-DBO+C1tJtG921maSSNUnzysC/ic=",
      "requires": {
        "performance-now": "2.1.0"
      }
    },
    "rc-queue-anim": {
      "version": "1.4.1",
      "resolved": "http://registry.npm.taobao.org/rc-queue-anim/download/rc-queue-anim-1.4.1.tgz",
      "integrity": "sha1-UsT76EVD9WZWxhU10BmE/L31Z0c=",
      "requires": {
        "babel-runtime": "6.26.0",
        "prop-types": "15.6.0",
        "rc-tween-one": "1.6.0"
      }
    },
    "rc-tween-one": {
      "version": "1.6.0",
      "resolved": "http://registry.npm.taobao.org/rc-tween-one/download/rc-tween-one-1.6.0.tgz",
      "integrity": "sha1-gWsX2+zsjwZ81t0nRpKU0OO6cak=",
      "requires": {
        "babel-runtime": "6.26.0",
        "deep-eql": "2.0.2",
        "prop-types": "15.6.0",
        "raf": "3.3.2",
        "style-utils": "0.1.14",
        "tween-functions": "1.2.0"
      }
    },
    "regenerator-runtime": {
      "version": "0.11.1",
      "resolved": "http://registry.npm.taobao.org/regenerator-runtime/download/regenerator-runtime-0.11.1.tgz",
      "integrity": "sha1-vgWtf5v30i4Fb5cmzuUBf78Z4uk="
    },
    "setimmediate": {
      "version": "1.0.5",
      "resolved": "http://registry.npm.taobao.org/setimmediate/download/setimmediate-1.0.5.tgz",
      "integrity": "sha1-KQy7Iy4waULX1+qbg3Mqt4VvgoU="
    },
    "style-utils": {
      "version": "0.1.14",
      "resolved": "http://registry.npm.taobao.org/style-utils/download/style-utils-0.1.14.tgz",
      "integrity": "sha1-M5wKTdSKKhbhmObJ65p0QCEJV3A="
    },
    "tween-functions": {
      "version": "1.2.0",
      "resolved": "http://registry.npm.taobao.org/tween-functions/download/tween-functions-1.2.0.tgz",
      "integrity": "sha1-GuOlDnxguz3vd06scHrLynO7w/8="
    },
    "type-detect": {
      "version": "3.0.0",
      "resolved": "http://registry.npm.taobao.org/type-detect/download/type-detect-3.0.0.tgz",
      "integrity": "sha1-RtDMhVOrt7E6NSsNbeov1Y8tm1U="
    },
    "ua-parser-js": {
      "version": "0.7.17",
      "resolved": "http://registry.npm.taobao.org/ua-parser-js/download/ua-parser-js-0.7.17.tgz",
      "integrity": "sha1-6exflJi57JEOeuOsYmqAXE0J7Kw="
    },
    "whatwg-fetch": {
      "version": "2.0.3",
      "resolved": "http://registry.npm.taobao.org/whatwg-fetch/download/whatwg-fetch-2.0.3.tgz",
      "integrity": "sha1-nITsLc9oGH/wC8ZOEnS0QhduHIQ="
    }
  }
}
